
Microsoft Visual Studio Solution File, Format Version 12.00
# Visual Studio Version 17
VisualStudioVersion = 17.5.33530.505
MinimumVisualStudioVersion = 10.0.40219.1
Project("{FAE04EC0-301F-11D3-BF4B-00C04F79EFBC}") = "Clase06", "Clase06.csproj", "{304E4A31-4E3B-4C7B-BD80-C74FD57014DB}"
EndProject
Global
	GlobalSection(SolutionConfigurationPlatforms) = preSolution
		Debug|Any CPU = Debug|Any CPU
		Release|Any CPU = Release|Any CPU
	EndGlobalSection
	GlobalSection(ProjectConfigurationPlatforms) = postSolution
		{304E4A31-4E3B-4C7B-BD80-C74FD57014DB}.Debug|Any CPU.ActiveCfg = Debug|Any CPU
		{304E4A31-4E3B-4C7B-BD80-C74FD57014DB}.Debug|Any CPU.Build.0 = Debug|Any CPU
		{304E4A31-4E3B-4C7B-BD80-C74FD57014DB}.Release|Any CPU.ActiveCfg = Release|Any CPU
		{304E4A31-4E3B-4C7B-BD80-C74FD57014DB}.Release|Any CPU.Build.0 = Release|Any CPU
	EndGlobalSection
	GlobalSection(SolutionProperties) = preSolution
		HideSolutionNode = FALSE
	EndGlobalSection
	GlobalSection(ExtensibilityGlobals) = postSolution
		SolutionGuid = {4D944878-B5AD-4EB9-BCCF-2FBBE28B4F7A}
	EndGlobalSection
EndGlobal
